// !$*UTF8*$!
{
	archiveVersion = 1;
	classes = {
	};
	objectVersion = 50;
	objects = {

/* Begin PBXBuildFile section */
		0F866AED5F3050646A197C9E /* Pods_Protocol_Composition.framework in Frameworks */ = {isa = PBXBuildFile; fileRef = 809F06E9BDD3B9F98773C736 /* Pods_Protocol_Composition.framework */; };
		7E165364271806BF0067284A /* AppDelegate.swift in Sources */ = {isa = PBXBuildFile; fileRef = 7E165363271806BF0067284A /* AppDelegate.swift */; };
		7E165366271806BF0067284A /* SceneDelegate.swift in Sources */ = {isa = PBXBuildFile; fileRef = 7E165365271806BF0067284A /* SceneDelegate.swift */; };
		7E165368271806BF0067284A /* ViewController.swift in Sources */ = {isa = PBXBuildFile; fileRef = 7E165367271806BF0067284A /* ViewController.swift */; };
		7E16536B271806BF0067284A /* Main.storyboard in Resources */ = {isa = PBXBuildFile; fileRef = 7E165369271806BF0067284A /* Main.storyboard */; };
		7E16536D271806C10067284A /* Assets.xcassets in Resources */ = {isa = PBXBuildFile; fileRef = 7E16536C271806C10067284A /* Assets.xcassets */; };
		7E165370271806C10067284A /* LaunchScreen.storyboard in Resources */ = {isa = PBXBuildFile; fileRef = 7E16536E271806C10067284A /* LaunchScreen.storyboard */; };
		7E16537827180C4D0067284A /* User.swift in Sources */ = {isa = PBXBuildFile; fileRef = 7E16537727180C4D0067284A /* User.swift */; };
		7E3D4ECE271D3696003AD3FB /* EmployeeViewModel.swift in Sources */ = {isa = PBXBuildFile; fileRef = 7E3D4ECD271D3696003AD3FB /* EmployeeViewModel.swift */; };
		7E3D4ED0271D3A0C003AD3FB /* DetailsViewController.swift in Sources */ = {isa = PBXBuildFile; fileRef = 7E3D4ECF271D3A0C003AD3FB /* DetailsViewController.swift */; };
		7E3D4ED7271DA7A6003AD3FB /* EmpemailTableViewCell.swift in Sources */ = {isa = PBXBuildFile; fileRef = 7E3D4ED5271DA7A6003AD3FB /* EmpemailTableViewCell.swift */; };
		7E3D4ED8271DA7A6003AD3FB /* EmpemailTableViewCell.xib in Resources */ = {isa = PBXBuildFile; fileRef = 7E3D4ED6271DA7A6003AD3FB /* EmpemailTableViewCell.xib */; };
		7E3D4EDB271DA7E0003AD3FB /* EmpnameTableViewCell.swift in Sources */ = {isa = PBXBuildFile; fileRef = 7E3D4ED9271DA7E0003AD3FB /* EmpnameTableViewCell.swift */; };
		7E3D4EDC271DA7E0003AD3FB /* EmpnameTableViewCell.xib in Resources */ = {isa = PBXBuildFile; fileRef = 7E3D4EDA271DA7E0003AD3FB /* EmpnameTableViewCell.xib */; };
		7E3FEFFF27212BF900C7F2D3 /* IdAndImageCell.swift in Sources */ = {isa = PBXBuildFile; fileRef = 7E3FEFFD27212BF900C7F2D3 /* IdAndImageCell.swift */; };
		7E3FF00027212BF900C7F2D3 /* IdAndImageCell.xib in Resources */ = {isa = PBXBuildFile; fileRef = 7E3FEFFE27212BF900C7F2D3 /* IdAndImageCell.xib */; };
/* End PBXBuildFile section */

/* Begin PBXFileReference section */
		7E165360271806BF0067284A /* Protocol Composition.app */ = {isa = PBXFileReference; explicitFileType = wrapper.application; includeInIndex = 0; path = "Protocol Composition.app"; sourceTree = BUILT_PRODUCTS_DIR; };
		7E165363271806BF0067284A /* AppDelegate.swift */ = {isa = PBXFileReference; lastKnownFileType = sourcecode.swift; path = AppDelegate.swift; sourceTree = "<group>"; };
		7E165365271806BF0067284A /* SceneDelegate.swift */ = {isa = PBXFileReference; lastKnownFileType = sourcecode.swift; path = SceneDelegate.swift; sourceTree = "<group>"; };
		7E165367271806BF0067284A /* ViewController.swift */ = {isa = PBXFileReference; lastKnownFileType = sourcecode.swift; path = ViewController.swift; sourceTree = "<group>"; };
		7E16536A271806BF0067284A /* Base */ = {isa = PBXFileReference; lastKnownFileType = file.storyboard; name = Base; path = Base.lproj/Main.storyboard; sourceTree = "<group>"; };
		7E16536C271806C10067284A /* Assets.xcassets */ = {isa = PBXFileReference; lastKnownFileType = folder.assetcatalog; path = Assets.xcassets; sourceTree = "<group>"; };
		7E16536F271806C10067284A /* Base */ = {isa = PBXFileReference; lastKnownFileType = file.storyboard; name = Base; path = Base.lproj/LaunchScreen.storyboard; sourceTree = "<group>"; };
		7E165371271806C10067284A /* Info.plist */ = {isa = PBXFileReference; lastKnownFileType = text.plist.xml; path = Info.plist; sourceTree = "<group>"; };
		7E16537727180C4D0067284A /* User.swift */ = {isa = PBXFileReference; lastKnownFileType = sourcecode.swift; path = User.swift; sourceTree = "<group>"; };
		7E3D4ECD271D3696003AD3FB /* EmployeeViewModel.swift */ = {isa = PBXFileReference; lastKnownFileType = sourcecode.swift; path = EmployeeViewModel.swift; sourceTree = "<group>"; };
		7E3D4ECF271D3A0C003AD3FB /* DetailsViewController.swift */ = {isa = PBXFileReference; lastKnownFileType = sourcecode.swift; path = DetailsViewController.swift; sourceTree = "<group>"; };
		7E3D4ED5271DA7A6003AD3FB /* EmpemailTableViewCell.swift */ = {isa = PBXFileReference; lastKnownFileType = sourcecode.swift; path = EmpemailTableViewCell.swift; sourceTree = "<group>"; };
		7E3D4ED6271DA7A6003AD3FB /* EmpemailTableViewCell.xib */ = {isa = PBXFileReference; lastKnownFileType = file.xib; path = EmpemailTableViewCell.xib; sourceTree = "<group>"; };
		7E3D4ED9271DA7E0003AD3FB /* EmpnameTableViewCell.swift */ = {isa = PBXFileReference; lastKnownFileType = sourcecode.swift; path = EmpnameTableViewCell.swift; sourceTree = "<group>"; };
		7E3D4EDA271DA7E0003AD3FB /* EmpnameTableViewCell.xib */ = {isa = PBXFileReference; lastKnownFileType = file.xib; path = EmpnameTableViewCell.xib; sourceTree = "<group>"; };
		7E3FEFFD27212BF900C7F2D3 /* IdAndImageCell.swift */ = {isa = PBXFileReference; lastKnownFileType = sourcecode.swift; path = IdAndImageCell.swift; sourceTree = "<group>"; };
		7E3FEFFE27212BF900C7F2D3 /* IdAndImageCell.xib */ = {isa = PBXFileReference; lastKnownFileType = file.xib; path = IdAndImageCell.xib; sourceTree = "<group>"; };
		809F06E9BDD3B9F98773C736 /* Pods_Protocol_Composition.framework */ = {isa = PBXFileReference; explicitFileType = wrapper.framework; includeInIndex = 0; path = Pods_Protocol_Composition.framework; sourceTree = BUILT_PRODUCTS_DIR; };
		885E00581CFBC23DBDF5A904 /* Pods-Protocol Composition.release.xcconfig */ = {isa = PBXFileReference; includeInIndex = 1; lastKnownFileType = text.xcconfig; name = "Pods-Protocol Composition.release.xcconfig"; path = "Target Support Files/Pods-Protocol Composition/Pods-Protocol Composition.release.xcconfig"; sourceTree = "<group>"; };
		FD87472002A59C79E3AE4D20 /* Pods-Protocol Composition.debug.xcconfig */ = {isa = PBXFileReference; includeInIndex = 1; lastKnownFileType = text.xcconfig; name = "Pods-Protocol Composition.debug.xcconfig"; path = "Target Support Files/Pods-Protocol Composition/Pods-Protocol Composition.debug.xcconfig"; sourceTree = "<group>"; };
/* End PBXFileReference section */

/* Begin PBXFrameworksBuildPhase section */
		7E16535D271806BF0067284A /* Frameworks */ = {
			isa = PBXFrameworksBuildPhase;
			buildActionMask = 2147483647;
			files = (
				0F866AED5F3050646A197C9E /* Pods_Protocol_Composition.framework in Frameworks */,
			);
			runOnlyForDeploymentPostprocessing = 0;
		};
/* End PBXFrameworksBuildPhase section */

/* Begin PBXGroup section */
		059162053BD506FEECFCBDF1 /* Pods */ = {
			isa = PBXGroup;
			children = (
				FD87472002A59C79E3AE4D20 /* Pods-Protocol Composition.debug.xcconfig */,
				885E00581CFBC23DBDF5A904 /* Pods-Protocol Composition.release.xcconfig */,
			);
			name = Pods;
			path = Pods;
			sourceTree = "<group>";
		};
		7E165357271806BF0067284A = {
			isa = PBXGroup;
			children = (
				7E165362271806BF0067284A /* Protocol Composition */,
				7E165361271806BF0067284A /* Products */,
				059162053BD506FEECFCBDF1 /* Pods */,
				96D91B641C3BF2DAF861DD03 /* Frameworks */,
			);
			sourceTree = "<group>";
		};
		7E165361271806BF0067284A /* Products */ = {
			isa = PBXGroup;
			children = (
				7E165360271806BF0067284A /* Protocol Composition.app */,
			);
			name = Products;
			sourceTree = "<group>";
		};
		7E165362271806BF0067284A /* Protocol Composition */ = {
			isa = PBXGroup;
			children = (
				7E165363271806BF0067284A /* AppDelegate.swift */,
				7E165365271806BF0067284A /* SceneDelegate.swift */,
				7E165367271806BF0067284A /* ViewController.swift */,
				7E3D4ECF271D3A0C003AD3FB /* DetailsViewController.swift */,
				7E165369271806BF0067284A /* Main.storyboard */,
				7E16536C271806C10067284A /* Assets.xcassets */,
				7E16536E271806C10067284A /* LaunchScreen.storyboard */,
				7E165371271806C10067284A /* Info.plist */,
				7E16537727180C4D0067284A /* User.swift */,
				7E3D4ECD271D3696003AD3FB /* EmployeeViewModel.swift */,
				7E3D4ED5271DA7A6003AD3FB /* EmpemailTableViewCell.swift */,
				7E3D4ED6271DA7A6003AD3FB /* EmpemailTableViewCell.xib */,
				7E3D4ED9271DA7E0003AD3FB /* EmpnameTableViewCell.swift */,
				7E3D4EDA271DA7E0003AD3FB /* EmpnameTableViewCell.xib */,
				7E3FEFFD27212BF900C7F2D3 /* IdAndImageCell.swift */,
				7E3FEFFE27212BF900C7F2D3 /* IdAndImageCell.xib */,
			);
			path = "Protocol Composition";
			sourceTree = "<group>";
		};
		96D91B641C3BF2DAF861DD03 /* Frameworks */ = {
			isa = PBXGroup;
			children = (
				809F06E9BDD3B9F98773C736 /* Pods_Protocol_Composition.framework */,
			);
			name = Frameworks;
			sourceTree = "<group>";
		};
/* End PBXGroup section */

/* Begin PBXNativeTarget section */
		7E16535F271806BF0067284A /* Protocol Composition */ = {
			isa = PBXNativeTarget;
			buildConfigurationList = 7E165374271806C10067284A /* Build configuration list for PBXNativeTarget "Protocol Composition" */;
			buildPhases = (
				0C50A5789CE15A3839D7071E /* [CP] Check Pods Manifest.lock */,
				7E16535C271806BF0067284A /* Sources */,
				7E16535D271806BF0067284A /* Frameworks */,
				7E16535E271806BF0067284A /* Resources */,
				6BA2C65B8998575F4B802E5E /* [CP] Embed Pods Frameworks */,
			);
			buildRules = (
			);
			dependencies = (
			);
			name = "Protocol Composition";
			productName = "Protocol Composition";
			productReference = 7E165360271806BF0067284A /* Protocol Composition.app */;
			productType = "com.apple.product-type.application";
		};
/* End PBXNativeTarget section */

/* Begin PBXProject section */
		7E165358271806BF0067284A /* Project object */ = {
			isa = PBXProject;
			attributes = {
				LastSwiftUpdateCheck = 1170;
				LastUpgradeCheck = 1170;
				ORGANIZATIONNAME = Coditas;
				TargetAttributes = {
					7E16535F271806BF0067284A = {
						CreatedOnToolsVersion = 11.7;
					};
				};
			};
			buildConfigurationList = 7E16535B271806BF0067284A /* Build configuration list for PBXProject "Protocol Composition" */;
			compatibilityVersion = "Xcode 9.3";
			developmentRegion = en;
			hasScannedForEncodings = 0;
			knownRegions = (
				en,
				Base,
			);
			mainGroup = 7E165357271806BF0067284A;
			productRefGroup = 7E165361271806BF0067284A /* Products */;
			projectDirPath = "";
			projectRoot = "";
			targets = (
				7E16535F271806BF0067284A /* Protocol Composition */,
			);
		};
/* End PBXProject section */

/* Begin PBXResourcesBuildPhase section */
		7E16535E271806BF0067284A /* Resources */ = {
			isa = PBXResourcesBuildPhase;
			buildActionMask = 2147483647;
			files = (
				7E165370271806C10067284A /* LaunchScreen.storyboard in Resources */,
				7E16536D271806C10067284A /* Assets.xcassets in Resources */,
				7E3D4ED8271DA7A6003AD3FB /* EmpemailTableViewCell.xib in Resources */,
				7E3D4EDC271DA7E0003AD3FB /* EmpnameTableViewCell.xib in Resources */,
				7E3FF00027212BF900C7F2D3 /* IdAndImageCell.xib in Resources */,
				7E16536B271806BF0067284A /* Main.storyboard in Resources */,
			);
			runOnlyForDeploymentPostprocessing = 0;
		};
/* End PBXResourcesBuildPhase section */

/* Begin PBXShellScriptBuildPhase section */
		0C50A5789CE15A3839D7071E /* [CP] Check Pods Manifest.lock */ = {
			isa = PBXShellScriptBuildPhase;
			buildActionMask = 2147483647;
			files = (
			);
			inputFileListPaths = (
			);
			inputPaths = (
				"${PODS_PODFILE_DIR_PATH}/Podfile.lock",
				"${PODS_ROOT}/Manifest.lock",
			);
			name = "[CP] Check Pods Manifest.lock";
			outputFileListPaths = (
			);
			outputPaths = (
				"$(DERIVED_FILE_DIR)/Pods-Protocol Composition-checkManifestLockResult.txt",
			);
			runOnlyForDeploymentPostprocessing = 0;
			shellPath = /bin/sh;
			shellScript = "diff \"${PODS_PODFILE_DIR_PATH}/Podfile.lock\" \"${PODS_ROOT}/Manifest.lock\" > /dev/null\nif [ $? != 0 ] ; then\n    # print error to STDERR\n    echo \"error: The sandbox is not in sync with the Podfile.lock. Run 'pod install' or update your CocoaPods installation.\" >&2\n    exit 1\nfi\n# This output is used by Xcode 'outputs' to avoid re-running this script phase.\necho \"SUCCESS\" > \"${SCRIPT_OUTPUT_FILE_0}\"\n";
			showEnvVarsInLog = 0;
		};
		6BA2C65B8998575F4B802E5E /* [CP] Embed Pods Frameworks */ = {
			isa = PBXShellScriptBuildPhase;
			buildActionMask = 2147483647;
			files = (
			);
			inputFileListPaths = (
				"${PODS_ROOT}/Target Support Files/Pods-Protocol Composition/Pods-Protocol Composition-frameworks-${CONFIGURATION}-input-files.xcfilelist",
			);
			name = "[CP] Embed Pods Frameworks";
			outputFileListPaths = (
				"${PODS_ROOT}/Target Support Files/Pods-Protocol Composition/Pods-Protocol Composition-frameworks-${CONFIGURATION}-output-files.xcfilelist",
			);
			runOnlyForDeploymentPostprocessing = 0;
			shellPath = /bin/sh;
			shellScript = "\"${PODS_ROOT}/Target Support Files/Pods-Protocol Composition/Pods-Protocol Composition-frameworks.sh\"\n";
			showEnvVarsInLog = 0;
		};
/* End PBXShellScriptBuildPhase section */

/* Begin PBXSourcesBuildPhase section */
		7E16535C271806BF0067284A /* Sources */ = {
			isa = PBXSourcesBuildPhase;
			buildActionMask = 2147483647;
			files = (
				7E16537827180C4D0067284A /* User.swift in Sources */,
				7E165368271806BF0067284A /* ViewController.swift in Sources */,
				7E165364271806BF0067284A /* AppDelegate.swift in Sources */,
				7E3D4EDB271DA7E0003AD3FB /* EmpnameTableViewCell.swift in Sources */,
				7E3FEFFF27212BF900C7F2D3 /* IdAndImageCell.swift in Sources */,
				7E3D4ED7271DA7A6003AD3FB /* EmpemailTableViewCell.swift in Sources */,
				7E3D4ECE271D3696003AD3FB /* EmployeeViewModel.swift in Sources */,
				7E165366271806BF0067284A /* SceneDelegate.swift in Sources */,
				7E3D4ED0271D3A0C003AD3FB /* DetailsViewController.swift in Sources */,
			);
			runOnlyForDeploymentPostprocessing = 0;
		};
/* End PBXSourcesBuildPhase section */

/* Begin PBXVariantGroup section */
		7E165369271806BF0067284A /* Main.storyboard */ = {
			isa = PBXVariantGroup;
			children = (
				7E16536A271806BF0067284A /* Base */,
			);
			name = Main.storyboard;
			sourceTree = "<group>";
		};
		7E16536E271806C10067284A /* LaunchScreen.storyboard */ = {
			isa = PBXVariantGroup;
			children = (
				7E16536F271806C10067284A /* Base */,
			);
			name = LaunchScreen.storyboard;
			sourceTree = "<group>";
		};
/* End PBXVariantGroup section */

/* Begin XCBuildConfiguration section */
		7E165372271806C10067284A /* Debug */ = {
			isa = XCBuildConfiguration;
			buildSettings = {
				ALWAYS_SEARCH_USER_PATHS = NO;
				CLANG_ANALYZER_NONNULL = YES;
				CLANG_ANALYZER_NUMBER_OBJECT_CONVERSION = YES_AGGRESSIVE;
				CLANG_CXX_LANGUAGE_STANDARD = "gnu++14";
				CLANG_CXX_LIBRARY = "libc++";
				CLANG_ENABLE_MODULES = YES;
				CLANG_ENABLE_OBJC_ARC = YES;
				CLANG_ENABLE_OBJC_WEAK = YES;
				CLANG_WARN_BLOCK_CAPTURE_AUTORELEASING = YES;
				CLANG_WARN_BOOL_CONVERSION = YES;
				CLANG_WARN_COMMA = YES;
				CLANG_WARN_CONSTANT_CONVERSION = YES;
				CLANG_WARN_DEPRECATED_OBJC_IMPLEMENTATIONS = YES;
				CLANG_WARN_DIRECT_OBJC_ISA_USAGE = YES_ERROR;
				CLANG_WARN_DOCUMENTATION_COMMENTS = YES;
				CLANG_WARN_EMPTY_BODY = YES;
				CLANG_WARN_ENUM_CONVERSION = YES;
				CLANG_WARN_INFINITE_RECURSION = YES;
				CLANG_WARN_INT_CONVERSION = YES;
				CLANG_WARN_NON_LITERAL_NULL_CONVERSION = YES;
				CLANG_WARN_OBJC_IMPLICIT_RETAIN_SELF = YES;
				CLANG_WARN_OBJC_LITERAL_CONVERSION = YES;
				CLANG_WARN_OBJC_ROOT_CLASS = YES_ERROR;
				CLANG_WARN_RANGE_LOOP_ANALYSIS = YES;
				CLANG_WARN_STRICT_PROTOTYPES = YES;
				CLANG_WARN_SUSPICIOUS_MOVE = YES;
				CLANG_WARN_UNGUARDED_AVAILABILITY = YES_AGGRESSIVE;
				CLANG_WARN_UNREACHABLE_CODE = YES;
				CLANG_WARN__DUPLICATE_METHOD_MATCH = YES;
				COPY_PHASE_STRIP = NO;
				DEBUG_INFORMATION_FORMAT = dwarf;
				ENABLE_STRICT_OBJC_MSGSEND = YES;
				ENABLE_TESTABILITY = YES;
				GCC_C_LANGUAGE_STANDARD = gnu11;
				GCC_DYNAMIC_NO_PIC = NO;
				GCC_NO_COMMON_BLOCKS = YES;
				GCC_OPTIMIZATION_LEVEL = 0;
				GCC_PREPROCESSOR_DEFINITIONS = (
					"DEBUG=1",
					"$(inherited)",
				);
				GCC_WARN_64_TO_32_BIT_CONVERSION = YES;
				GCC_WARN_ABOUT_RETURN_TYPE = YES_ERROR;
				GCC_WARN_UNDECLARED_SELECTOR = YES;
				GCC_WARN_UNINITIALIZED_AUTOS = YES_AGGRESSIVE;
				GCC_WARN_UNUSED_FUNCTION = YES;
				GCC_WARN_UNUSED_VARIABLE = YES;
				IPHONEOS_DEPLOYMENT_TARGET = 13.7;
				MTL_ENABLE_DEBUG_INFO = INCLUDE_SOURCE;
				MTL_FAST_MATH = YES;
				ONLY_ACTIVE_ARCH = YES;
				SDKROOT = iphoneos;
				SWIFT_ACTIVE_COMPILATION_CONDITIONS = DEBUG;
				SWIFT_OPTIMIZATION_LEVEL = "-Onone";
			};
			name = Debug;
		};
		7E165373271806C10067284A /* Release */ = {
			isa = XCBuildConfiguration;
			buildSettings = {
				ALWAYS_SEARCH_USER_PATHS = NO;
				CLANG_ANALYZER_NONNULL = YES;
				CLANG_ANALYZER_NUMBER_OBJECT_CONVERSION = YES_AGGRESSIVE;
				CLANG_CXX_LANGUAGE_STANDARD = "gnu++14";
				CLANG_CXX_LIBRARY = "libc++";
				CLANG_ENABLE_MODULES = YES;
				CLANG_ENABLE_OBJC_ARC = YES;
				CLANG_ENABLE_OBJC_WEAK = YES;
				CLANG_WARN_BLOCK_CAPTURE_AUTORELEASING = YES;
				CLANG_WARN_BOOL_CONVERSION = YES;
				CLANG_WARN_COMMA = YES;
				CLANG_WARN_CONSTANT_CONVERSION = YES;
				CLANG_WARN_DEPRECATED_OBJC_IMPLEMENTATIONS = YES;
				CLANG_WARN_DIRECT_OBJC_ISA_USAGE = YES_ERROR;
				CLANG_WARN_DOCUMENTATION_COMMENTS = YES;
				CLANG_WARN_EMPTY_BODY = YES;
				CLANG_WARN_ENUM_CONVERSION = YES;
				CLANG_WARN_INFINITE_RECURSION = YES;
				CLANG_WARN_INT_CONVERSION = YES;
				CLANG_WARN_NON_LITERAL_NULL_CONVERSION = YES;
				CLANG_WARN_OBJC_IMPLICIT_RETAIN_SELF = YES;
				CLANG_WARN_OBJC_LITERAL_CONVERSION = YES;
				CLANG_WARN_OBJC_ROOT_CLASS = YES_ERROR;
				CLANG_WARN_RANGE_LOOP_ANALYSIS = YES;
				CLANG_WARN_STRICT_PROTOTYPES = YES;
				CLANG_WARN_SUSPICIOUS_MOVE = YES;
				CLANG_WARN_UNGUARDED_AVAILABILITY = YES_AGGRESSIVE;
				CLANG_WARN_UNREACHABLE_CODE = YES;
				CLANG_WARN__DUPLICATE_METHOD_MATCH = YES;
				COPY_PHASE_STRIP = NO;
				DEBUG_INFORMATION_FORMAT = "dwarf-with-dsym";
				ENABLE_NS_ASSERTIONS = NO;
				ENABLE_STRICT_OBJC_MSGSEND = YES;
				GCC_C_LANGUAGE_STANDARD = gnu11;
				GCC_NO_COMMON_BLOCKS = YES;
				GCC_WARN_64_TO_32_BIT_CONVERSION = YES;
				GCC_WARN_ABOUT_RETURN_TYPE = YES_ERROR;
				GCC_WARN_UNDECLARED_SELECTOR = YES;
				GCC_WARN_UNINITIALIZED_AUTOS = YES_AGGRESSIVE;
				GCC_WARN_UNUSED_FUNCTION = YES;
				GCC_WARN_UNUSED_VARIABLE = YES;
				IPHONEOS_DEPLOYMENT_TARGET = 13.7;
				MTL_ENABLE_DEBUG_INFO = NO;
				MTL_FAST_MATH = YES;
				SDKROOT = iphoneos;
				SWIFT_COMPILATION_MODE = wholemodule;
				SWIFT_OPTIMIZATION_LEVEL = "-O";
				VALIDATE_PRODUCT = YES;
			};
			name = Release;
		};
		7E165375271806C10067284A /* Debug */ = {
			isa = XCBuildConfiguration;
			baseConfigurationReference = FD87472002A59C79E3AE4D20 /* Pods-Protocol Composition.debug.xcconfig */;
			buildSettings = {
				ASSETCATALOG_COMPILER_APPICON_NAME = AppIcon;
				CODE_SIGN_STYLE = Automatic;
				DEVELOPMENT_TEAM = TTNMNDU6PP;
				INFOPLIST_FILE = "Protocol Composition/Info.plist";
				LD_RUNPATH_SEARCH_PATHS = (
					"$(inherited)",
					"@executable_path/Frameworks",
				);
				PRODUCT_BUNDLE_IDENTIFIER = "RutujaHulsure.Protocol-Composition";
				PRODUCT_NAME = "$(TARGET_NAME)";
				SWIFT_VERSION = 5.0;
				TARGETED_DEVICE_FAMILY = "1,2";
			};
			name = Debug;
		};
		7E165376271806C10067284A /* Release */ = {
			isa = XCBuildConfiguration;
			baseConfigurationReference = 885E00581CFBC23DBDF5A904 /* Pods-Protocol Composition.release.xcconfig */;
			buildSettings = {
				ASSETCATALOG_COMPILER_APPICON_NAME = AppIcon;
				CODE_SIGN_STYLE = Automatic;
				DEVELOPMENT_TEAM = TTNMNDU6PP;
				INFOPLIST_FILE = "Protocol Composition/Info.plist";
				LD_RUNPATH_SEARCH_PATHS = (
					"$(inherited)",
					"@executable_path/Frameworks",
				);
				PRODUCT_BUNDLE_IDENTIFIER = "RutujaHulsure.Protocol-Composition";
				PRODUCT_NAME = "$(TARGET_NAME)";
				SWIFT_VERSION = 5.0;
				TARGETED_DEVICE_FAMILY = "1,2";
			};
			name = Release;
		};
/* End XCBuildConfiguration section */

/* Begin XCConfigurationList section */
		7E16535B271806BF0067284A /* Build configuration list for PBXProject "Protocol Composition" */ = {
			isa = XCConfigurationList;
			buildConfigurations = (
				7E165372271806C10067284A /* Debug */,
				7E165373271806C10067284A /* Release */,
			);
			defaultConfigurationIsVisible = 0;
			defaultConfigurationName = Release;
		};
		7E165374271806C10067284A /* Build configuration list for PBXNativeTarget "Protocol Composition" */ = {
			isa = XCConfigurationList;
			buildConfigurations = (
				7E165375271806C10067284A /* Debug */,
				7E165376271806C10067284A /* Release */,
			);
			defaultConfigurationIsVisible = 0;
			defaultConfigurationName = Release;
		};
/* End XCConfigurationList section */
	};
	rootObject = 7E165358271806BF0067284A /* Project object */;
}
